github.com/asaskevich/govalidator v0.0.0-20200108200545-475eaeb16496 h1:zV3ejI06GQ59hwDQAvmK1qxOQGB3WuVTRoY0okPTAv0=
github.com/asaskevich/govalidator v0.0.0-20200108200545-475eaeb16496/go.mod h1:oGkLhpf+kjZl6xBf758TQhh5XrAeiJv/7FRz/2spLIg=
github.com/derekdowling/go-json-spec-handler v0.0.0-20170629220307-76701a972db7 h1:sf//KPa0QP/48z76as1JxffqqkY1nXqAh+iLu8E7buk=
github.com/derekdowling/go-json-spec-handler v0.0.0-20170629220307-76701a972db7/go.mod h1:ilg8mcVHKufPGnI4ILZve0PJVXjrCGWuawEsr/MqNU0=
github.com/didip/tollbooth v4.0.2+incompatible h1:fVSa33JzSz0hoh2NxpwZtksAzAgd7zjmGO20HCZtF4M=
github.com/didip/tollbooth v4.0.2+incompatible/go.mod h1:A9b0665CE6l1KmzpDws2++elm/CsuWBMa5Jv4WY0PEY=
github.com/patrickmn/go-cache v2.1.0+incompatible h1:HRMgzkcYKYpi3C8ajMPV8OFXaaRUnok+kx1WdO15EQc=
github.com/patrickmn/go-cache v2.1.0+incompatible/go.mod h1:3Qf8kWWT7OJRJbdiICTKqZju1ZixQ/KpMGzzAfe6+WQ=
golang.org/x/time v0.0.0-20191024005414-555d28b269f0 h1:/5xXl8Y5W96D+TtHSlonuFqGHIWVuyCkGJLwGh9JJFs=
golang.org/x/time v0.0.0-20191024005414-555d28b269f0/go.mod h1:tRJNPiyCQ0inRvYxbN9jk5I+vvW/OXSQhTDSoE431IQ=
